
Microsoft Visual Studio Solution File, Format Version 12.00
# Visual Studio 15
VisualStudioVersion = 15.0.27130.2027
MinimumVisualStudioVersion = 10.0.40219.1
Project("{FAE04EC0-301F-11D3-BF4B-00C04F79EFBC}") = "WebApplication2", "WebApplication2\WebApplication2.csproj", "{8F0F1C96-C678-42F2-B320-EF2E02056428}"
EndProject
Project("{9A19103F-16F7-4668-BE54-9A1E7A4F7556}") = "Common", "Common\Common.csproj", "{31075452-ABD6-424E-B8CA-6660C2E0FFE8}"
EndProject
Global
	GlobalSection(SolutionConfigurationPlatforms) = preSolution
		Debug|Any CPU = Debug|Any CPU
		Release|Any CPU = Release|Any CPU
	EndGlobalSection
	GlobalSection(ProjectConfigurationPlatforms) = postSolution
		{8F0F1C96-C678-42F2-B320-EF2E02056428}.Debug|Any CPU.ActiveCfg = Debug|Any CPU
		{8F0F1C96-C678-42F2-B320-EF2E02056428}.Debug|Any CPU.Build.0 = Debug|Any CPU
		{8F0F1C96-C678-42F2-B320-EF2E02056428}.Release|Any CPU.ActiveCfg = Release|Any CPU
		{8F0F1C96-C678-42F2-B320-EF2E02056428}.Release|Any CPU.Build.0 = Release|Any CPU
		{31075452-ABD6-424E-B8CA-6660C2E0FFE8}.Debug|Any CPU.ActiveCfg = Debug|Any CPU
		{31075452-ABD6-424E-B8CA-6660C2E0FFE8}.Debug|Any CPU.Build.0 = Debug|Any CPU
		{31075452-ABD6-424E-B8CA-6660C2E0FFE8}.Release|Any CPU.ActiveCfg = Release|Any CPU
		{31075452-ABD6-424E-B8CA-6660C2E0FFE8}.Release|Any CPU.Build.0 = Release|Any CPU
	EndGlobalSection
	GlobalSection(SolutionProperties) = preSolution
		HideSolutionNode = FALSE
	EndGlobalSection
	GlobalSection(ExtensibilityGlobals) = postSolution
		SolutionGuid = {7E4459C2-0851-46F8-BCBC-68B326643322}
	EndGlobalSection
EndGlobal
